// !$*UTF8*$!
{
	archiveVersion = 1;
	classes = {
	};
	objectVersion = 45;
	objects = {

/* Begin PBXBuildFile section */
		1D3623260D0F684500981E51 /* FootsieAppDelegate.m in Sources */ = {isa = PBXBuildFile; fileRef = 1D3623250D0F684500981E51 /* FootsieAppDelegate.m */; };
		1D60589B0D05DD56006BFB54 /* main.m in Sources */ = {isa = PBXBuildFile; fileRef = 29B97316FDCFA39411CA2CEA /* main.m */; };
		1D60589F0D05DD5A006BFB54 /* Foundation.framework in Frameworks */ = {isa = PBXBuildFile; fileRef = 1D30AB110D05D00D00671497 /* Foundation.framework */; };
		1DF5F4E00D08C38300B7A737 /* UIKit.framework in Frameworks */ = {isa = PBXBuildFile; fileRef = 1DF5F4DF0D08C38300B7A737 /* UIKit.framework */; };
		288765A50DF7441C002DB57D /* CoreGraphics.framework in Frameworks */ = {isa = PBXBuildFile; fileRef = 288765A40DF7441C002DB57D /* CoreGraphics.framework */; };
		2899E5220DE3E06400AC0155 /* FootsieViewController.xib in Resources */ = {isa = PBXBuildFile; fileRef = 2899E5210DE3E06400AC0155 /* FootsieViewController.xib */; };
		28AD733F0D9D9553002E5188 /* MainWindow.xib in Resources */ = {isa = PBXBuildFile; fileRef = 28AD733E0D9D9553002E5188 /* MainWindow.xib */; };
		28D7ACF80DDB3853001CB0EB /* FootsieViewController.m in Sources */ = {isa = PBXBuildFile; fileRef = 28D7ACF70DDB3853001CB0EB /* FootsieViewController.m */; };
		D800E8FD0EF7264900EE20B9 /* FootsieTargetView.m in Sources */ = {isa = PBXBuildFile; fileRef = D800E8FC0EF7264900EE20B9 /* FootsieTargetView.m */; };
		D800E9140EF7356600EE20B9 /* misc.m in Sources */ = {isa = PBXBuildFile; fileRef = D800E9130EF7356600EE20B9 /* misc.m */; };
		D800EA0C0EF872A600EE20B9 /* Default.png in Resources */ = {isa = PBXBuildFile; fileRef = D800EA0B0EF872A600EE20B9 /* Default.png */; };
		D800EA1D0EF8850800EE20B9 /* FootsiePulseView.m in Sources */ = {isa = PBXBuildFile; fileRef = D800EA1B0EF8850800EE20B9 /* FootsiePulseView.m */; };
		D800EA770EF9976C00EE20B9 /* Boot.wav in Resources */ = {isa = PBXBuildFile; fileRef = D800EA760EF9976C00EE20B9 /* Boot.wav */; };
		D800EA8B0EF99C7600EE20B9 /* AudioToolbox.framework in Frameworks */ = {isa = PBXBuildFile; fileRef = D800EA8A0EF99C7600EE20B9 /* AudioToolbox.framework */; };
		D800EADF0EF9A8DF00EE20B9 /* Goal.aiff in Resources */ = {isa = PBXBuildFile; fileRef = D800EADE0EF9A8DF00EE20B9 /* Goal.aiff */; };
		D800EB290EFADC0300EE20B9 /* Crash.aiff in Resources */ = {isa = PBXBuildFile; fileRef = D800EB280EFADC0300EE20B9 /* Crash.aiff */; };
		D8073D6F0EFB2BEA004D289A /* FootsieGameOverView.m in Sources */ = {isa = PBXBuildFile; fileRef = D8073D6E0EFB2BEA004D289A /* FootsieGameOverView.m */; };
		D8073D920EFB3ED5004D289A /* GameOver.png in Resources */ = {isa = PBXBuildFile; fileRef = D8073D910EFB3ED5004D289A /* GameOver.png */; };
		D8073DD50EFB6B6D004D289A /* AddressBookUI.framework in Frameworks */ = {isa = PBXBuildFile; fileRef = D8073DD40EFB6B6D004D289A /* AddressBookUI.framework */; };
		D8073DF10EFB744F004D289A /* Paused.png in Resources */ = {isa = PBXBuildFile; fileRef = D8073DF00EFB744F004D289A /* Paused.png */; };
		D8073DF40EFB75D9004D289A /* FootsiePausedView.m in Sources */ = {isa = PBXBuildFile; fileRef = D8073DF30EFB75D9004D289A /* FootsiePausedView.m */; };
		D85E4FEF0EF3403A0082E971 /* Footsie.png in Resources */ = {isa = PBXBuildFile; fileRef = D85E4FEE0EF3403A0082E971 /* Footsie.png */; };
		D85E50010EF34DAA0082E971 /* FootsieView.m in Sources */ = {isa = PBXBuildFile; fileRef = D85E50000EF34DAA0082E971 /* FootsieView.m */; };
/* End PBXBuildFile section */

/* Begin PBXFileReference section */
		1D30AB110D05D00D00671497 /* Foundation.framework */ = {isa = PBXFileReference; lastKnownFileType = wrapper.framework; name = Foundation.framework; path = System/Library/Frameworks/Foundation.framework; sourceTree = SDKROOT; };
		1D3623240D0F684500981E51 /* FootsieAppDelegate.h */ = {isa = PBXFileReference; fileEncoding = 4; lastKnownFileType = sourcecode.c.h; path = FootsieAppDelegate.h; sourceTree = "<group>"; };
		1D3623250D0F684500981E51 /* FootsieAppDelegate.m */ = {isa = PBXFileReference; fileEncoding = 4; lastKnownFileType = sourcecode.c.objc; path = FootsieAppDelegate.m; sourceTree = "<group>"; };
		1D6058910D05DD3D006BFB54 /* Footsie.app */ = {isa = PBXFileReference; explicitFileType = wrapper.application; includeInIndex = 0; path = Footsie.app; sourceTree = BUILT_PRODUCTS_DIR; };
		1DF5F4DF0D08C38300B7A737 /* UIKit.framework */ = {isa = PBXFileReference; lastKnownFileType = wrapper.framework; name = UIKit.framework; path = System/Library/Frameworks/UIKit.framework; sourceTree = SDKROOT; };
		288765A40DF7441C002DB57D /* CoreGraphics.framework */ = {isa = PBXFileReference; lastKnownFileType = wrapper.framework; name = CoreGraphics.framework; path = System/Library/Frameworks/CoreGraphics.framework; sourceTree = SDKROOT; };
		2899E5210DE3E06400AC0155 /* FootsieViewController.xib */ = {isa = PBXFileReference; lastKnownFileType = file.xib; path = FootsieViewController.xib; sourceTree = "<group>"; };
		28AD733E0D9D9553002E5188 /* MainWindow.xib */ = {isa = PBXFileReference; lastKnownFileType = file.xib; path = MainWindow.xib; sourceTree = "<group>"; };
		28D7ACF60DDB3853001CB0EB /* FootsieViewController.h */ = {isa = PBXFileReference; fileEncoding = 4; lastKnownFileType = sourcecode.c.h; path = FootsieViewController.h; sourceTree = "<group>"; };
		28D7ACF70DDB3853001CB0EB /* FootsieViewController.m */ = {isa = PBXFileReference; fileEncoding = 4; lastKnownFileType = sourcecode.c.objc; path = FootsieViewController.m; sourceTree = "<group>"; };
		29B97316FDCFA39411CA2CEA /* main.m */ = {isa = PBXFileReference; fileEncoding = 4; lastKnownFileType = sourcecode.c.objc; path = main.m; sourceTree = "<group>"; };
		32CA4F630368D1EE00C91783 /* Footsie_Prefix.pch */ = {isa = PBXFileReference; fileEncoding = 4; lastKnownFileType = sourcecode.c.h; path = Footsie_Prefix.pch; sourceTree = "<group>"; };
		8D1107310486CEB800E47090 /* Info.plist */ = {isa = PBXFileReference; fileEncoding = 4; lastKnownFileType = text.plist.xml; path = Info.plist; sourceTree = "<group>"; };
		D800E8FB0EF7264900EE20B9 /* FootsieTargetView.h */ = {isa = PBXFileReference; fileEncoding = 4; lastKnownFileType = sourcecode.c.h; path = FootsieTargetView.h; sourceTree = "<group>"; };
		D800E8FC0EF7264900EE20B9 /* FootsieTargetView.m */ = {isa = PBXFileReference; fileEncoding = 4; lastKnownFileType = sourcecode.c.objc; path = FootsieTargetView.m; sourceTree = "<group>"; };
		D800E9050EF7339200EE20B9 /* misc.h */ = {isa = PBXFileReference; fileEncoding = 4; lastKnownFileType = sourcecode.c.h; path = misc.h; sourceTree = "<group>"; };
		D800E9130EF7356600EE20B9 /* misc.m */ = {isa = PBXFileReference; fileEncoding = 4; lastKnownFileType = sourcecode.c.objc; path = misc.m; sourceTree = "<group>"; };
		D800EA0B0EF872A600EE20B9 /* Default.png */ = {isa = PBXFileReference; lastKnownFileType = image.png; path = Default.png; sourceTree = "<group>"; };
		D800EA1B0EF8850800EE20B9 /* FootsiePulseView.m */ = {isa = PBXFileReference; fileEncoding = 4; lastKnownFileType = sourcecode.c.objc; path = FootsiePulseView.m; sourceTree = "<group>"; };
		D800EA1C0EF8850800EE20B9 /* FootsiePulseView.h */ = {isa = PBXFileReference; fileEncoding = 4; lastKnownFileType = sourcecode.c.h; path = FootsiePulseView.h; sourceTree = "<group>"; };
		D800EA760EF9976C00EE20B9 /* Boot.wav */ = {isa = PBXFileReference; lastKnownFileType = audio.wav; path = Boot.wav; sourceTree = "<group>"; };
		D800EA8A0EF99C7600EE20B9 /* AudioToolbox.framework */ = {isa = PBXFileReference; lastKnownFileType = wrapper.framework; name = AudioToolbox.framework; path = System/Library/Frameworks/AudioToolbox.framework; sourceTree = SDKROOT; };
		D800EADE0EF9A8DF00EE20B9 /* Goal.aiff */ = {isa = PBXFileReference; lastKnownFileType = audio.aiff; path = Goal.aiff; sourceTree = "<group>"; };
		D800EB280EFADC0300EE20B9 /* Crash.aiff */ = {isa = PBXFileReference; lastKnownFileType = audio.aiff; path = Crash.aiff; sourceTree = "<group>"; };
		D8073D6D0EFB2BEA004D289A /* FootsieGameOverView.h */ = {isa = PBXFileReference; fileEncoding = 4; lastKnownFileType = sourcecode.c.h; path = FootsieGameOverView.h; sourceTree = "<group>"; };
		D8073D6E0EFB2BEA004D289A /* FootsieGameOverView.m */ = {isa = PBXFileReference; fileEncoding = 4; lastKnownFileType = sourcecode.c.objc; path = FootsieGameOverView.m; sourceTree = "<group>"; };
		D8073D910EFB3ED5004D289A /* GameOver.png */ = {isa = PBXFileReference; lastKnownFileType = image.png; path = GameOver.png; sourceTree = "<group>"; };
		D8073DD40EFB6B6D004D289A /* AddressBookUI.framework */ = {isa = PBXFileReference; lastKnownFileType = wrapper.framework; name = AddressBookUI.framework; path = System/Library/Frameworks/AddressBookUI.framework; sourceTree = SDKROOT; };
		D8073DF00EFB744F004D289A /* Paused.png */ = {isa = PBXFileReference; lastKnownFileType = image.png; path = Paused.png; sourceTree = "<group>"; };
		D8073DF20EFB75D9004D289A /* FootsiePausedView.h */ = {isa = PBXFileReference; fileEncoding = 4; lastKnownFileType = sourcecode.c.h; path = FootsiePausedView.h; sourceTree = "<group>"; };
		D8073DF30EFB75D9004D289A /* FootsiePausedView.m */ = {isa = PBXFileReference; fileEncoding = 4; lastKnownFileType = sourcecode.c.objc; path = FootsiePausedView.m; sourceTree = "<group>"; };
		D85E4FEE0EF3403A0082E971 /* Footsie.png */ = {isa = PBXFileReference; lastKnownFileType = image.png; path = Footsie.png; sourceTree = "<group>"; };
		D85E4FFF0EF34DAA0082E971 /* FootsieView.h */ = {isa = PBXFileReference; fileEncoding = 4; lastKnownFileType = sourcecode.c.h; path = FootsieView.h; sourceTree = "<group>"; };
		D85E50000EF34DAA0082E971 /* FootsieView.m */ = {isa = PBXFileReference; fileEncoding = 4; lastKnownFileType = sourcecode.c.objc; path = FootsieView.m; sourceTree = "<group>"; };
/* End PBXFileReference section */

/* Begin PBXFrameworksBuildPhase section */
		1D60588F0D05DD3D006BFB54 /* Frameworks */ = {
			isa = PBXFrameworksBuildPhase;
			buildActionMask = 2147483647;
			files = (
				1D60589F0D05DD5A006BFB54 /* Foundation.framework in Frameworks */,
				1DF5F4E00D08C38300B7A737 /* UIKit.framework in Frameworks */,
				288765A50DF7441C002DB57D /* CoreGraphics.framework in Frameworks */,
				D800EA8B0EF99C7600EE20B9 /* AudioToolbox.framework in Frameworks */,
				D8073DD50EFB6B6D004D289A /* AddressBookUI.framework in Frameworks */,
			);
			runOnlyForDeploymentPostprocessing = 0;
		};
/* End PBXFrameworksBuildPhase section */

/* Begin PBXGroup section */
		080E96DDFE201D6D7F000001 /* Classes */ = {
			isa = PBXGroup;
			children = (
				D8073DF20EFB75D9004D289A /* FootsiePausedView.h */,
				D8073DF30EFB75D9004D289A /* FootsiePausedView.m */,
				D8073D6D0EFB2BEA004D289A /* FootsieGameOverView.h */,
				D8073D6E0EFB2BEA004D289A /* FootsieGameOverView.m */,
				1D3623240D0F684500981E51 /* FootsieAppDelegate.h */,
				1D3623250D0F684500981E51 /* FootsieAppDelegate.m */,
				28D7ACF60DDB3853001CB0EB /* FootsieViewController.h */,
				28D7ACF70DDB3853001CB0EB /* FootsieViewController.m */,
				D85E4FFF0EF34DAA0082E971 /* FootsieView.h */,
				D85E50000EF34DAA0082E971 /* FootsieView.m */,
				D800E8FB0EF7264900EE20B9 /* FootsieTargetView.h */,
				D800E8FC0EF7264900EE20B9 /* FootsieTargetView.m */,
				D800EA1B0EF8850800EE20B9 /* FootsiePulseView.m */,
				D800EA1C0EF8850800EE20B9 /* FootsiePulseView.h */,
			);
			path = Classes;
			sourceTree = "<group>";
		};
		19C28FACFE9D520D11CA2CBB /* Products */ = {
			isa = PBXGroup;
			children = (
				1D6058910D05DD3D006BFB54 /* Footsie.app */,
			);
			name = Products;
			sourceTree = "<group>";
		};
		29B97314FDCFA39411CA2CEA /* CustomTemplate */ = {
			isa = PBXGroup;
			children = (
				080E96DDFE201D6D7F000001 /* Classes */,
				29B97315FDCFA39411CA2CEA /* Other Sources */,
				29B97317FDCFA39411CA2CEA /* Resources */,
				29B97323FDCFA39411CA2CEA /* Frameworks */,
				19C28FACFE9D520D11CA2CBB /* Products */,
			);
			name = CustomTemplate;
			sourceTree = "<group>";
		};
		29B97315FDCFA39411CA2CEA /* Other Sources */ = {
			isa = PBXGroup;
			children = (
				D800E9130EF7356600EE20B9 /* misc.m */,
				D800E9050EF7339200EE20B9 /* misc.h */,
				32CA4F630368D1EE00C91783 /* Footsie_Prefix.pch */,
				29B97316FDCFA39411CA2CEA /* main.m */,
			);
			name = "Other Sources";
			sourceTree = "<group>";
		};
		29B97317FDCFA39411CA2CEA /* Resources */ = {
			isa = PBXGroup;
			children = (
				D8073DF00EFB744F004D289A /* Paused.png */,
				D8073D910EFB3ED5004D289A /* GameOver.png */,
				D800EA0B0EF872A600EE20B9 /* Default.png */,
				D85E4FEE0EF3403A0082E971 /* Footsie.png */,
				2899E5210DE3E06400AC0155 /* FootsieViewController.xib */,
				28AD733E0D9D9553002E5188 /* MainWindow.xib */,
				8D1107310486CEB800E47090 /* Info.plist */,
				D800EB280EFADC0300EE20B9 /* Crash.aiff */,
				D800EA760EF9976C00EE20B9 /* Boot.wav */,
				D800EADE0EF9A8DF00EE20B9 /* Goal.aiff */,
			);
			name = Resources;
			sourceTree = "<group>";
		};
		29B97323FDCFA39411CA2CEA /* Frameworks */ = {
			isa = PBXGroup;
			children = (
				D8073DD40EFB6B6D004D289A /* AddressBookUI.framework */,
				D800EA8A0EF99C7600EE20B9 /* AudioToolbox.framework */,
				1DF5F4DF0D08C38300B7A737 /* UIKit.framework */,
				1D30AB110D05D00D00671497 /* Foundation.framework */,
				288765A40DF7441C002DB57D /* CoreGraphics.framework */,
			);
			name = Frameworks;
			sourceTree = "<group>";
		};
/* End PBXGroup section */

/* Begin PBXNativeTarget section */
		1D6058900D05DD3D006BFB54 /* Footsie */ = {
			isa = PBXNativeTarget;
			buildConfigurationList = 1D6058960D05DD3E006BFB54 /* Build configuration list for PBXNativeTarget "Footsie" */;
			buildPhases = (
				1D60588D0D05DD3D006BFB54 /* Resources */,
				1D60588E0D05DD3D006BFB54 /* Sources */,
				1D60588F0D05DD3D006BFB54 /* Frameworks */,
			);
			buildRules = (
			);
			dependencies = (
			);
			name = Footsie;
			productName = Footsie;
			productReference = 1D6058910D05DD3D006BFB54 /* Footsie.app */;
			productType = "com.apple.product-type.application";
		};
/* End PBXNativeTarget section */

/* Begin PBXProject section */
		29B97313FDCFA39411CA2CEA /* Project object */ = {
			isa = PBXProject;
			buildConfigurationList = C01FCF4E08A954540054247B /* Build configuration list for PBXProject "Footsie" */;
			compatibilityVersion = "Xcode 3.1";
			hasScannedForEncodings = 1;
			mainGroup = 29B97314FDCFA39411CA2CEA /* CustomTemplate */;
			projectDirPath = "";
			projectRoot = "";
			targets = (
				1D6058900D05DD3D006BFB54 /* Footsie */,
			);
		};
/* End PBXProject section */

/* Begin PBXResourcesBuildPhase section */
		1D60588D0D05DD3D006BFB54 /* Resources */ = {
			isa = PBXResourcesBuildPhase;
			buildActionMask = 2147483647;
			files = (
				28AD733F0D9D9553002E5188 /* MainWindow.xib in Resources */,
				2899E5220DE3E06400AC0155 /* FootsieViewController.xib in Resources */,
				D85E4FEF0EF3403A0082E971 /* Footsie.png in Resources */,
				D800EA0C0EF872A600EE20B9 /* Default.png in Resources */,
				D800EA770EF9976C00EE20B9 /* Boot.wav in Resources */,
				D800EADF0EF9A8DF00EE20B9 /* Goal.aiff in Resources */,
				D800EB290EFADC0300EE20B9 /* Crash.aiff in Resources */,
				D8073D920EFB3ED5004D289A /* GameOver.png in Resources */,
				D8073DF10EFB744F004D289A /* Paused.png in Resources */,
			);
			runOnlyForDeploymentPostprocessing = 0;
		};
/* End PBXResourcesBuildPhase section */

/* Begin PBXSourcesBuildPhase section */
		1D60588E0D05DD3D006BFB54 /* Sources */ = {
			isa = PBXSourcesBuildPhase;
			buildActionMask = 2147483647;
			files = (
				1D60589B0D05DD56006BFB54 /* main.m in Sources */,
				1D3623260D0F684500981E51 /* FootsieAppDelegate.m in Sources */,
				28D7ACF80DDB3853001CB0EB /* FootsieViewController.m in Sources */,
				D85E50010EF34DAA0082E971 /* FootsieView.m in Sources */,
				D800E8FD0EF7264900EE20B9 /* FootsieTargetView.m in Sources */,
				D800E9140EF7356600EE20B9 /* misc.m in Sources */,
				D800EA1D0EF8850800EE20B9 /* FootsiePulseView.m in Sources */,
				D8073D6F0EFB2BEA004D289A /* FootsieGameOverView.m in Sources */,
				D8073DF40EFB75D9004D289A /* FootsiePausedView.m in Sources */,
			);
			runOnlyForDeploymentPostprocessing = 0;
		};
/* End PBXSourcesBuildPhase section */

/* Begin XCBuildConfiguration section */
		1D6058940D05DD3E006BFB54 /* Debug */ = {
			isa = XCBuildConfiguration;
			buildSettings = {
				ALWAYS_SEARCH_USER_PATHS = NO;
				"CODE_SIGN_IDENTITY[sdk=iphoneos*]" = "iPhone Developer: Joseph Groff";
				COPY_PHASE_STRIP = NO;
				GCC_DYNAMIC_NO_PIC = NO;
				GCC_OPTIMIZATION_LEVEL = 0;
				GCC_PRECOMPILE_PREFIX_HEADER = YES;
				GCC_PREFIX_HEADER = Footsie_Prefix.pch;
				GCC_THUMB_SUPPORT = YES;
				INFOPLIST_FILE = Info.plist;
				PRODUCT_NAME = Footsie;
				"PROVISIONING_PROFILE[sdk=iphoneos*]" = "23AC9A6A-1573-43B9-96D5-78EF029036D2";
			};
			name = Debug;
		};
		1D6058950D05DD3E006BFB54 /* Release */ = {
			isa = XCBuildConfiguration;
			buildSettings = {
				ALWAYS_SEARCH_USER_PATHS = NO;
				"CODE_SIGN_IDENTITY[sdk=iphoneos*]" = "iPhone Developer: Joseph Groff";
				COPY_PHASE_STRIP = YES;
				GCC_PRECOMPILE_PREFIX_HEADER = YES;
				GCC_PREFIX_HEADER = Footsie_Prefix.pch;
				INFOPLIST_FILE = Info.plist;
				PRODUCT_NAME = Footsie;
				"PROVISIONING_PROFILE[sdk=iphoneos*]" = "23AC9A6A-1573-43B9-96D5-78EF029036D2";
			};
			name = Release;
		};
		C01FCF4F08A954540054247B /* Debug */ = {
			isa = XCBuildConfiguration;
			buildSettings = {
				ARCHS = "$(ARCHS_STANDARD_32_BIT)";
				GCC_C_LANGUAGE_STANDARD = c99;
				GCC_WARN_ABOUT_RETURN_TYPE = YES;
				GCC_WARN_UNUSED_VARIABLE = YES;
				ONLY_ACTIVE_ARCH = YES;
				PREBINDING = NO;
				SDKROOT = iphoneos2.2;
			};
			name = Debug;
		};
		C01FCF5008A954540054247B /* Release */ = {
			isa = XCBuildConfiguration;
			buildSettings = {
				ARCHS = "$(ARCHS_STANDARD_32_BIT)";
				"CODE_SIGN_IDENTITY[sdk=iphoneos*]" = "iPhone Developer";
				GCC_C_LANGUAGE_STANDARD = c99;
				GCC_WARN_ABOUT_RETURN_TYPE = YES;
				GCC_WARN_UNUSED_VARIABLE = YES;
				PREBINDING = NO;
				SDKROOT = iphoneos2.2;
			};
			name = Release;
		};
/* End XCBuildConfiguration section */

/* Begin XCConfigurationList section */
		1D6058960D05DD3E006BFB54 /* Build configuration list for PBXNativeTarget "Footsie" */ = {
			isa = XCConfigurationList;
			buildConfigurations = (
				1D6058940D05DD3E006BFB54 /* Debug */,
				1D6058950D05DD3E006BFB54 /* Release */,
			);
			defaultConfigurationIsVisible = 0;
			defaultConfigurationName = Release;
		};
		C01FCF4E08A954540054247B /* Build configuration list for PBXProject "Footsie" */ = {
			isa = XCConfigurationList;
			buildConfigurations = (
				C01FCF4F08A954540054247B /* Debug */,
				C01FCF5008A954540054247B /* Release */,
			);
			defaultConfigurationIsVisible = 0;
			defaultConfigurationName = Release;
		};
/* End XCConfigurationList section */
	};
	rootObject = 29B97313FDCFA39411CA2CEA /* Project object */;
}
